
Microsoft Visual Studio Solution File, Format Version 12.00
# Visual Studio 2012
Project("{FAE04EC0-301F-11D3-BF4B-00C04F79EFBC}") = "Students", "Students\Students.csproj", "{ECAE02E8-91A9-4E0B-8742-5E12BB532CB2}"
EndProject
Project("{FAE04EC0-301F-11D3-BF4B-00C04F79EFBC}") = "Person", "Person\Person.csproj", "{281CCE3C-4E8D-4895-A0E3-6BACC016E7B1}"
EndProject
Project("{FAE04EC0-301F-11D3-BF4B-00C04F79EFBC}") = "BitArray64", "BitArray64\BitArray64.csproj", "{1D35557B-A0B3-4FBE-9816-CD09EE92A834}"
EndProject
Global
	GlobalSection(SolutionConfigurationPlatforms) = preSolution
		Debug|Any CPU = Debug|Any CPU
		Release|Any CPU = Release|Any CPU
	EndGlobalSection
	GlobalSection(ProjectConfigurationPlatforms) = postSolution
		{ECAE02E8-91A9-4E0B-8742-5E12BB532CB2}.Debug|Any CPU.ActiveCfg = Debug|Any CPU
		{ECAE02E8-91A9-4E0B-8742-5E12BB532CB2}.Debug|Any CPU.Build.0 = Debug|Any CPU
		{ECAE02E8-91A9-4E0B-8742-5E12BB532CB2}.Release|Any CPU.ActiveCfg = Release|Any CPU
		{ECAE02E8-91A9-4E0B-8742-5E12BB532CB2}.Release|Any CPU.Build.0 = Release|Any CPU
		{281CCE3C-4E8D-4895-A0E3-6BACC016E7B1}.Debug|Any CPU.ActiveCfg = Debug|Any CPU
		{281CCE3C-4E8D-4895-A0E3-6BACC016E7B1}.Debug|Any CPU.Build.0 = Debug|Any CPU
		{281CCE3C-4E8D-4895-A0E3-6BACC016E7B1}.Release|Any CPU.ActiveCfg = Release|Any CPU
		{281CCE3C-4E8D-4895-A0E3-6BACC016E7B1}.Release|Any CPU.Build.0 = Release|Any CPU
		{1D35557B-A0B3-4FBE-9816-CD09EE92A834}.Debug|Any CPU.ActiveCfg = Debug|Any CPU
		{1D35557B-A0B3-4FBE-9816-CD09EE92A834}.Debug|Any CPU.Build.0 = Debug|Any CPU
		{1D35557B-A0B3-4FBE-9816-CD09EE92A834}.Release|Any CPU.ActiveCfg = Release|Any CPU
		{1D35557B-A0B3-4FBE-9816-CD09EE92A834}.Release|Any CPU.Build.0 = Release|Any CPU
	EndGlobalSection
	GlobalSection(SolutionProperties) = preSolution
		HideSolutionNode = FALSE
	EndGlobalSection
EndGlobal
